
Microsoft Visual Studio Solution File, Format Version 12.00
# Visual Studio Version 16
VisualStudioVersion = 16.0.30503.244
MinimumVisualStudioVersion = 15.0.26124.0
Project("{9A19103F-16F7-4668-BE54-9A1E7A4F7556}") = "MyActor.Interfaces", "MyActor.Interfaces\MyActor.Interfaces.csproj", "{89AF81AD-27CB-4B00-A834-777EA09FB1EE}"
EndProject
Project("{9A19103F-16F7-4668-BE54-9A1E7A4F7556}") = "MyActor.Service", "MyActor.Service\MyActor.Service.csproj", "{327A5677-4CE8-4610-839B-906834B363BB}"
EndProject
Project("{9A19103F-16F7-4668-BE54-9A1E7A4F7556}") = "MyActor.Service.Client", "MyActor.Service.Client\MyActor.Service.Client.csproj", "{407D8B5B-9B77-4471-8FA8-DED2562D3823}"
EndProject
Project("{2150E333-8FDC-42A3-9474-1A3956D46DE8}") = "dapr-sample", "dapr-sample", "{A20B25DB-C3B7-4E13-82FA-B1A47616E471}"
EndProject
Project("{9A19103F-16F7-4668-BE54-9A1E7A4F7556}") = "IDemoActor", "IDemoActor\IDemoActor.csproj", "{E332B3AF-E7E9-4972-A66C-77FF1D071631}"
EndProject
Project("{9A19103F-16F7-4668-BE54-9A1E7A4F7556}") = "DemoActor.Service", "DemoActor.Service\DemoActor.Service.csproj", "{DDB1604F-EA0B-43C1-B06E-B4391CB018CF}"
EndProject
Project("{9A19103F-16F7-4668-BE54-9A1E7A4F7556}") = "DemoActorClient", "DemoActorClient\DemoActorClient.csproj", "{D63E6702-B665-4DE2-88B4-42383F197AD6}"
EndProject
Project("{9A19103F-16F7-4668-BE54-9A1E7A4F7556}") = "MyActor.Service.WebClient", "MyActor.Service.WebClient\MyActor.Service.WebClient.csproj", "{4C9ECD15-62AE-4307-AF91-0374928F200F}"
EndProject
Project("{2150E333-8FDC-42A3-9474-1A3956D46DE8}") = "my-actor", "my-actor", "{DCC1287F-94A3-4994-A5F9-914E8454BBE0}"
EndProject
Global
	GlobalSection(SolutionConfigurationPlatforms) = preSolution
		Debug|Any CPU = Debug|Any CPU
		Debug|x64 = Debug|x64
		Debug|x86 = Debug|x86
		Release|Any CPU = Release|Any CPU
		Release|x64 = Release|x64
		Release|x86 = Release|x86
	EndGlobalSection
	GlobalSection(ProjectConfigurationPlatforms) = postSolution
		{89AF81AD-27CB-4B00-A834-777EA09FB1EE}.Debug|Any CPU.ActiveCfg = Debug|Any CPU
		{89AF81AD-27CB-4B00-A834-777EA09FB1EE}.Debug|Any CPU.Build.0 = Debug|Any CPU
		{89AF81AD-27CB-4B00-A834-777EA09FB1EE}.Debug|x64.ActiveCfg = Debug|Any CPU
		{89AF81AD-27CB-4B00-A834-777EA09FB1EE}.Debug|x64.Build.0 = Debug|Any CPU
		{89AF81AD-27CB-4B00-A834-777EA09FB1EE}.Debug|x86.ActiveCfg = Debug|Any CPU
		{89AF81AD-27CB-4B00-A834-777EA09FB1EE}.Debug|x86.Build.0 = Debug|Any CPU
		{89AF81AD-27CB-4B00-A834-777EA09FB1EE}.Release|Any CPU.ActiveCfg = Release|Any CPU
		{89AF81AD-27CB-4B00-A834-777EA09FB1EE}.Release|Any CPU.Build.0 = Release|Any CPU
		{89AF81AD-27CB-4B00-A834-777EA09FB1EE}.Release|x64.ActiveCfg = Release|Any CPU
		{89AF81AD-27CB-4B00-A834-777EA09FB1EE}.Release|x64.Build.0 = Release|Any CPU
		{89AF81AD-27CB-4B00-A834-777EA09FB1EE}.Release|x86.ActiveCfg = Release|Any CPU
		{89AF81AD-27CB-4B00-A834-777EA09FB1EE}.Release|x86.Build.0 = Release|Any CPU
		{327A5677-4CE8-4610-839B-906834B363BB}.Debug|Any CPU.ActiveCfg = Debug|Any CPU
		{327A5677-4CE8-4610-839B-906834B363BB}.Debug|Any CPU.Build.0 = Debug|Any CPU
		{327A5677-4CE8-4610-839B-906834B363BB}.Debug|x64.ActiveCfg = Debug|Any CPU
		{327A5677-4CE8-4610-839B-906834B363BB}.Debug|x64.Build.0 = Debug|Any CPU
		{327A5677-4CE8-4610-839B-906834B363BB}.Debug|x86.ActiveCfg = Debug|Any CPU
		{327A5677-4CE8-4610-839B-906834B363BB}.Debug|x86.Build.0 = Debug|Any CPU
		{327A5677-4CE8-4610-839B-906834B363BB}.Release|Any CPU.ActiveCfg = Release|Any CPU
		{327A5677-4CE8-4610-839B-906834B363BB}.Release|Any CPU.Build.0 = Release|Any CPU
		{327A5677-4CE8-4610-839B-906834B363BB}.Release|x64.ActiveCfg = Release|Any CPU
		{327A5677-4CE8-4610-839B-906834B363BB}.Release|x64.Build.0 = Release|Any CPU
		{327A5677-4CE8-4610-839B-906834B363BB}.Release|x86.ActiveCfg = Release|Any CPU
		{327A5677-4CE8-4610-839B-906834B363BB}.Release|x86.Build.0 = Release|Any CPU
		{407D8B5B-9B77-4471-8FA8-DED2562D3823}.Debug|Any CPU.ActiveCfg = Debug|Any CPU
		{407D8B5B-9B77-4471-8FA8-DED2562D3823}.Debug|Any CPU.Build.0 = Debug|Any CPU
		{407D8B5B-9B77-4471-8FA8-DED2562D3823}.Debug|x64.ActiveCfg = Debug|Any CPU
		{407D8B5B-9B77-4471-8FA8-DED2562D3823}.Debug|x64.Build.0 = Debug|Any CPU
		{407D8B5B-9B77-4471-8FA8-DED2562D3823}.Debug|x86.ActiveCfg = Debug|Any CPU
		{407D8B5B-9B77-4471-8FA8-DED2562D3823}.Debug|x86.Build.0 = Debug|Any CPU
		{407D8B5B-9B77-4471-8FA8-DED2562D3823}.Release|Any CPU.ActiveCfg = Release|Any CPU
		{407D8B5B-9B77-4471-8FA8-DED2562D3823}.Release|Any CPU.Build.0 = Release|Any CPU
		{407D8B5B-9B77-4471-8FA8-DED2562D3823}.Release|x64.ActiveCfg = Release|Any CPU
		{407D8B5B-9B77-4471-8FA8-DED2562D3823}.Release|x64.Build.0 = Release|Any CPU
		{407D8B5B-9B77-4471-8FA8-DED2562D3823}.Release|x86.ActiveCfg = Release|Any CPU
		{407D8B5B-9B77-4471-8FA8-DED2562D3823}.Release|x86.Build.0 = Release|Any CPU
		{E332B3AF-E7E9-4972-A66C-77FF1D071631}.Debug|Any CPU.ActiveCfg = Debug|Any CPU
		{E332B3AF-E7E9-4972-A66C-77FF1D071631}.Debug|Any CPU.Build.0 = Debug|Any CPU
		{E332B3AF-E7E9-4972-A66C-77FF1D071631}.Debug|x64.ActiveCfg = Debug|Any CPU
		{E332B3AF-E7E9-4972-A66C-77FF1D071631}.Debug|x64.Build.0 = Debug|Any CPU
		{E332B3AF-E7E9-4972-A66C-77FF1D071631}.Debug|x86.ActiveCfg = Debug|Any CPU
		{E332B3AF-E7E9-4972-A66C-77FF1D071631}.Debug|x86.Build.0 = Debug|Any CPU
		{E332B3AF-E7E9-4972-A66C-77FF1D071631}.Release|Any CPU.ActiveCfg = Release|Any CPU
		{E332B3AF-E7E9-4972-A66C-77FF1D071631}.Release|Any CPU.Build.0 = Release|Any CPU
		{E332B3AF-E7E9-4972-A66C-77FF1D071631}.Release|x64.ActiveCfg = Release|Any CPU
		{E332B3AF-E7E9-4972-A66C-77FF1D071631}.Release|x64.Build.0 = Release|Any CPU
		{E332B3AF-E7E9-4972-A66C-77FF1D071631}.Release|x86.ActiveCfg = Release|Any CPU
		{E332B3AF-E7E9-4972-A66C-77FF1D071631}.Release|x86.Build.0 = Release|Any CPU
		{DDB1604F-EA0B-43C1-B06E-B4391CB018CF}.Debug|Any CPU.ActiveCfg = Debug|Any CPU
		{DDB1604F-EA0B-43C1-B06E-B4391CB018CF}.Debug|Any CPU.Build.0 = Debug|Any CPU
		{DDB1604F-EA0B-43C1-B06E-B4391CB018CF}.Debug|x64.ActiveCfg = Debug|Any CPU
		{DDB1604F-EA0B-43C1-B06E-B4391CB018CF}.Debug|x64.Build.0 = Debug|Any CPU
		{DDB1604F-EA0B-43C1-B06E-B4391CB018CF}.Debug|x86.ActiveCfg = Debug|Any CPU
		{DDB1604F-EA0B-43C1-B06E-B4391CB018CF}.Debug|x86.Build.0 = Debug|Any CPU
		{DDB1604F-EA0B-43C1-B06E-B4391CB018CF}.Release|Any CPU.ActiveCfg = Release|Any CPU
		{DDB1604F-EA0B-43C1-B06E-B4391CB018CF}.Release|Any CPU.Build.0 = Release|Any CPU
		{DDB1604F-EA0B-43C1-B06E-B4391CB018CF}.Release|x64.ActiveCfg = Release|Any CPU
		{DDB1604F-EA0B-43C1-B06E-B4391CB018CF}.Release|x64.Build.0 = Release|Any CPU
		{DDB1604F-EA0B-43C1-B06E-B4391CB018CF}.Release|x86.ActiveCfg = Release|Any CPU
		{DDB1604F-EA0B-43C1-B06E-B4391CB018CF}.Release|x86.Build.0 = Release|Any CPU
		{D63E6702-B665-4DE2-88B4-42383F197AD6}.Debug|Any CPU.ActiveCfg = Debug|Any CPU
		{D63E6702-B665-4DE2-88B4-42383F197AD6}.Debug|Any CPU.Build.0 = Debug|Any CPU
		{D63E6702-B665-4DE2-88B4-42383F197AD6}.Debug|x64.ActiveCfg = Debug|Any CPU
		{D63E6702-B665-4DE2-88B4-42383F197AD6}.Debug|x64.Build.0 = Debug|Any CPU
		{D63E6702-B665-4DE2-88B4-42383F197AD6}.Debug|x86.ActiveCfg = Debug|Any CPU
		{D63E6702-B665-4DE2-88B4-42383F197AD6}.Debug|x86.Build.0 = Debug|Any CPU
		{D63E6702-B665-4DE2-88B4-42383F197AD6}.Release|Any CPU.ActiveCfg = Release|Any CPU
		{D63E6702-B665-4DE2-88B4-42383F197AD6}.Release|Any CPU.Build.0 = Release|Any CPU
		{D63E6702-B665-4DE2-88B4-42383F197AD6}.Release|x64.ActiveCfg = Release|Any CPU
		{D63E6702-B665-4DE2-88B4-42383F197AD6}.Release|x64.Build.0 = Release|Any CPU
		{D63E6702-B665-4DE2-88B4-42383F197AD6}.Release|x86.ActiveCfg = Release|Any CPU
		{D63E6702-B665-4DE2-88B4-42383F197AD6}.Release|x86.Build.0 = Release|Any CPU
		{4C9ECD15-62AE-4307-AF91-0374928F200F}.Debug|Any CPU.ActiveCfg = Debug|Any CPU
		{4C9ECD15-62AE-4307-AF91-0374928F200F}.Debug|Any CPU.Build.0 = Debug|Any CPU
		{4C9ECD15-62AE-4307-AF91-0374928F200F}.Debug|x64.ActiveCfg = Debug|Any CPU
		{4C9ECD15-62AE-4307-AF91-0374928F200F}.Debug|x64.Build.0 = Debug|Any CPU
		{4C9ECD15-62AE-4307-AF91-0374928F200F}.Debug|x86.ActiveCfg = Debug|Any CPU
		{4C9ECD15-62AE-4307-AF91-0374928F200F}.Debug|x86.Build.0 = Debug|Any CPU
		{4C9ECD15-62AE-4307-AF91-0374928F200F}.Release|Any CPU.ActiveCfg = Release|Any CPU
		{4C9ECD15-62AE-4307-AF91-0374928F200F}.Release|Any CPU.Build.0 = Release|Any CPU
		{4C9ECD15-62AE-4307-AF91-0374928F200F}.Release|x64.ActiveCfg = Release|Any CPU
		{4C9ECD15-62AE-4307-AF91-0374928F200F}.Release|x64.Build.0 = Release|Any CPU
		{4C9ECD15-62AE-4307-AF91-0374928F200F}.Release|x86.ActiveCfg = Release|Any CPU
		{4C9ECD15-62AE-4307-AF91-0374928F200F}.Release|x86.Build.0 = Release|Any CPU
	EndGlobalSection
	GlobalSection(SolutionProperties) = preSolution
		HideSolutionNode = FALSE
	EndGlobalSection
	GlobalSection(NestedProjects) = preSolution
		{89AF81AD-27CB-4B00-A834-777EA09FB1EE} = {DCC1287F-94A3-4994-A5F9-914E8454BBE0}
		{327A5677-4CE8-4610-839B-906834B363BB} = {DCC1287F-94A3-4994-A5F9-914E8454BBE0}
		{407D8B5B-9B77-4471-8FA8-DED2562D3823} = {DCC1287F-94A3-4994-A5F9-914E8454BBE0}
		{E332B3AF-E7E9-4972-A66C-77FF1D071631} = {A20B25DB-C3B7-4E13-82FA-B1A47616E471}
		{DDB1604F-EA0B-43C1-B06E-B4391CB018CF} = {A20B25DB-C3B7-4E13-82FA-B1A47616E471}
		{D63E6702-B665-4DE2-88B4-42383F197AD6} = {A20B25DB-C3B7-4E13-82FA-B1A47616E471}
		{4C9ECD15-62AE-4307-AF91-0374928F200F} = {DCC1287F-94A3-4994-A5F9-914E8454BBE0}
	EndGlobalSection
	GlobalSection(ExtensibilityGlobals) = postSolution
		SolutionGuid = {032D0CE9-CE5A-4BFA-817E-0E6F7A467514}
	EndGlobalSection
EndGlobal
